
Microsoft Visual Studio Solution File, Format Version 12.00
# Visual Studio Version 17
VisualStudioVersion = 17.9.34728.123
MinimumVisualStudioVersion = 10.0.40219.1
Project("{9A19103F-16F7-4668-BE54-9A1E7A4F7556}") = "N2.Core.Identity", "N2.Core.Identity\N2.Core.Identity.csproj", "{3BD0F704-9E29-4D7C-B6FF-98D6F38C6086}"
EndProject
Project("{9A19103F-16F7-4668-BE54-9A1E7A4F7556}") = "N2.Core.Identity.UnitTests", "N2.Core.Identity.UnitTests\N2.Core.Identity.UnitTests.csproj", "{0A7D8EDF-A1A9-4524-8791-F51750C8E5AD}"
EndProject
Project("{9A19103F-16F7-4668-BE54-9A1E7A4F7556}") = "N2.Identity", "N2.Identity\N2.Identity.csproj", "{25BE3142-2E91-4D84-9335-83EFB04D0798}"
EndProject
Project("{2150E333-8FDC-42A3-9474-1A3956D46DE8}") = "Solution Items", "Solution Items", "{8F88F85B-CEAB-4629-9CE0-272DBA10636D}"
	ProjectSection(SolutionItems) = preProject
		Directory.Build.props = Directory.Build.props
		Directory.Packages.props = Directory.Packages.props
	EndProjectSection
EndProject
Project("{9A19103F-16F7-4668-BE54-9A1E7A4F7556}") = "N2.Identity.UnitTests", "N2.Identity.UnitTests\N2.Identity.UnitTests.csproj", "{76588996-F4C8-4F12-B849-3C7C76E6944D}"
EndProject
Global
	GlobalSection(SolutionConfigurationPlatforms) = preSolution
		Debug|Any CPU = Debug|Any CPU
		Release|Any CPU = Release|Any CPU
	EndGlobalSection
	GlobalSection(ProjectConfigurationPlatforms) = postSolution
		{3BD0F704-9E29-4D7C-B6FF-98D6F38C6086}.Debug|Any CPU.ActiveCfg = Debug|Any CPU
		{3BD0F704-9E29-4D7C-B6FF-98D6F38C6086}.Debug|Any CPU.Build.0 = Debug|Any CPU
		{3BD0F704-9E29-4D7C-B6FF-98D6F38C6086}.Release|Any CPU.ActiveCfg = Release|Any CPU
		{3BD0F704-9E29-4D7C-B6FF-98D6F38C6086}.Release|Any CPU.Build.0 = Release|Any CPU
		{0A7D8EDF-A1A9-4524-8791-F51750C8E5AD}.Debug|Any CPU.ActiveCfg = Debug|Any CPU
		{0A7D8EDF-A1A9-4524-8791-F51750C8E5AD}.Debug|Any CPU.Build.0 = Debug|Any CPU
		{0A7D8EDF-A1A9-4524-8791-F51750C8E5AD}.Release|Any CPU.ActiveCfg = Release|Any CPU
		{0A7D8EDF-A1A9-4524-8791-F51750C8E5AD}.Release|Any CPU.Build.0 = Release|Any CPU
		{25BE3142-2E91-4D84-9335-83EFB04D0798}.Debug|Any CPU.ActiveCfg = Debug|Any CPU
		{25BE3142-2E91-4D84-9335-83EFB04D0798}.Debug|Any CPU.Build.0 = Debug|Any CPU
		{25BE3142-2E91-4D84-9335-83EFB04D0798}.Release|Any CPU.ActiveCfg = Release|Any CPU
		{25BE3142-2E91-4D84-9335-83EFB04D0798}.Release|Any CPU.Build.0 = Release|Any CPU
		{76588996-F4C8-4F12-B849-3C7C76E6944D}.Debug|Any CPU.ActiveCfg = Debug|Any CPU
		{76588996-F4C8-4F12-B849-3C7C76E6944D}.Debug|Any CPU.Build.0 = Debug|Any CPU
		{76588996-F4C8-4F12-B849-3C7C76E6944D}.Release|Any CPU.ActiveCfg = Release|Any CPU
		{76588996-F4C8-4F12-B849-3C7C76E6944D}.Release|Any CPU.Build.0 = Release|Any CPU
	EndGlobalSection
	GlobalSection(SolutionProperties) = preSolution
		HideSolutionNode = FALSE
	EndGlobalSection
	GlobalSection(ExtensibilityGlobals) = postSolution
		SolutionGuid = {5B51C064-0376-4864-BE59-1F33F30EDA8F}
	EndGlobalSection
EndGlobal
